// !$*UTF8*$!
{
	archiveVersion = 1;
	classes = {
	};
	objectVersion = 70;
	objects = {

/* Begin PBXBuildFile section */
		DF0932402CD364A0008D8CAD /* CalculatorViewModel.swift in Sources */ = {isa = PBXBuildFile; fileRef = DF09323F2CD364A0008D8CAD /* CalculatorViewModel.swift */; };
		DF0932422CD39643008D8CAD /* BtnType.swift in Sources */ = {isa = PBXBuildFile; fileRef = DF0932412CD39643008D8CAD /* BtnType.swift */; };
		DF4C1F5E2A7E9EBA005D6E7F /* CalculatorApp.swift in Sources */ = {isa = PBXBuildFile; fileRef = DF4C1F5D2A7E9EBA005D6E7F /* CalculatorApp.swift */; };
		DF4C1F602A7E9EBA005D6E7F /* ContentView.swift in Sources */ = {isa = PBXBuildFile; fileRef = DF4C1F5F2A7E9EBA005D6E7F /* ContentView.swift */; };
		DF4C1F622A7E9EBB005D6E7F /* Assets.xcassets in Resources */ = {isa = PBXBuildFile; fileRef = DF4C1F612A7E9EBB005D6E7F /* Assets.xcassets */; };
		DF4C1F652A7E9EBB005D6E7F /* Preview Assets.xcassets in Resources */ = {isa = PBXBuildFile; fileRef = DF4C1F642A7E9EBB005D6E7F /* Preview Assets.xcassets */; };
		DFC311F32A85277A00FD5795 /* basicView.swift in Sources */ = {isa = PBXBuildFile; fileRef = DFC311F22A85277A00FD5795 /* basicView.swift */; };
		DFC311F52A85297E00FD5795 /* engineeringView.swift in Sources */ = {isa = PBXBuildFile; fileRef = DFC311F42A85297E00FD5795 /* engineeringView.swift */; };
		DFC311F72A852DDC00FD5795 /* Calculation.swift in Sources */ = {isa = PBXBuildFile; fileRef = DFC311F62A852DDC00FD5795 /* Calculation.swift */; };
/* End PBXBuildFile section */

/* Begin PBXContainerItemProxy section */
		DF4C1F6B2A7E9EBB005D6E7F /* PBXContainerItemProxy */ = {
			isa = PBXContainerItemProxy;
			containerPortal = DF4C1F522A7E9EBA005D6E7F /* Project object */;
			proxyType = 1;
			remoteGlobalIDString = DF4C1F592A7E9EBA005D6E7F;
			remoteInfo = Calculator;
		};
		DF4C1F752A7E9EBB005D6E7F /* PBXContainerItemProxy */ = {
			isa = PBXContainerItemProxy;
			containerPortal = DF4C1F522A7E9EBA005D6E7F /* Project object */;
			proxyType = 1;
			remoteGlobalIDString = DF4C1F592A7E9EBA005D6E7F;
			remoteInfo = Calculator;
		};
/* End PBXContainerItemProxy section */

/* Begin PBXFileReference section */
		DF0082062A891A6600D735AA /* Info.plist */ = {isa = PBXFileReference; lastKnownFileType = text.plist; path = Info.plist; sourceTree = "<group>"; };
		DF09323F2CD364A0008D8CAD /* CalculatorViewModel.swift */ = {isa = PBXFileReference; lastKnownFileType = sourcecode.swift; path = CalculatorViewModel.swift; sourceTree = "<group>"; };
		DF0932412CD39643008D8CAD /* BtnType.swift */ = {isa = PBXFileReference; lastKnownFileType = sourcecode.swift; path = BtnType.swift; sourceTree = "<group>"; };
		DF4C1F5A2A7E9EBA005D6E7F /* Calculator.app */ = {isa = PBXFileReference; explicitFileType = wrapper.application; includeInIndex = 0; path = Calculator.app; sourceTree = BUILT_PRODUCTS_DIR; };
		DF4C1F5D2A7E9EBA005D6E7F /* CalculatorApp.swift */ = {isa = PBXFileReference; lastKnownFileType = sourcecode.swift; path = CalculatorApp.swift; sourceTree = "<group>"; };
		DF4C1F5F2A7E9EBA005D6E7F /* ContentView.swift */ = {isa = PBXFileReference; lastKnownFileType = sourcecode.swift; path = ContentView.swift; sourceTree = "<group>"; };
		DF4C1F612A7E9EBB005D6E7F /* Assets.xcassets */ = {isa = PBXFileReference; lastKnownFileType = folder.assetcatalog; path = Assets.xcassets; sourceTree = "<group>"; };
		DF4C1F642A7E9EBB005D6E7F /* Preview Assets.xcassets */ = {isa = PBXFileReference; lastKnownFileType = folder.assetcatalog; path = "Preview Assets.xcassets"; sourceTree = "<group>"; };
		DF4C1F6A2A7E9EBB005D6E7F /* CalculatorTests.xctest */ = {isa = PBXFileReference; explicitFileType = wrapper.cfbundle; includeInIndex = 0; path = CalculatorTests.xctest; sourceTree = BUILT_PRODUCTS_DIR; };
		DF4C1F742A7E9EBB005D6E7F /* CalculatorUITests.xctest */ = {isa = PBXFileReference; explicitFileType = wrapper.cfbundle; includeInIndex = 0; path = CalculatorUITests.xctest; sourceTree = BUILT_PRODUCTS_DIR; };
		DFC311F22A85277A00FD5795 /* basicView.swift */ = {isa = PBXFileReference; lastKnownFileType = sourcecode.swift; path = basicView.swift; sourceTree = "<group>"; };
		DFC311F42A85297E00FD5795 /* engineeringView.swift */ = {isa = PBXFileReference; lastKnownFileType = sourcecode.swift; path = engineeringView.swift; sourceTree = "<group>"; };
		DFC311F62A852DDC00FD5795 /* Calculation.swift */ = {isa = PBXFileReference; lastKnownFileType = sourcecode.swift; path = Calculation.swift; sourceTree = "<group>"; };
/* End PBXFileReference section */

/* Begin PBXFileSystemSynchronizedRootGroup section */
		DF36D3DA2CD9C33100C4D4D1 /* Image */ = {isa = PBXFileSystemSynchronizedRootGroup; explicitFileTypes = {}; explicitFolders = (); path = Image; sourceTree = "<group>"; };
/* End PBXFileSystemSynchronizedRootGroup section */

/* Begin PBXFrameworksBuildPhase section */
		DF4C1F572A7E9EBA005D6E7F /* Frameworks */ = {
			isa = PBXFrameworksBuildPhase;
			buildActionMask = 2147483647;
			files = (
			);
			runOnlyForDeploymentPostprocessing = 0;
		};
		DF4C1F672A7E9EBB005D6E7F /* Frameworks */ = {
			isa = PBXFrameworksBuildPhase;
			buildActionMask = 2147483647;
			files = (
			);
			runOnlyForDeploymentPostprocessing = 0;
		};
		DF4C1F712A7E9EBB005D6E7F /* Frameworks */ = {
			isa = PBXFrameworksBuildPhase;
			buildActionMask = 2147483647;
			files = (
			);
			runOnlyForDeploymentPostprocessing = 0;
		};
/* End PBXFrameworksBuildPhase section */

/* Begin PBXGroup section */
		DF4C1F512A7E9EBA005D6E7F = {
			isa = PBXGroup;
			children = (
				DF4C1F5C2A7E9EBA005D6E7F /* Calculator */,
				DF4C1F5B2A7E9EBA005D6E7F /* Products */,
			);
			sourceTree = "<group>";
		};
		DF4C1F5B2A7E9EBA005D6E7F /* Products */ = {
			isa = PBXGroup;
			children = (
				DF4C1F5A2A7E9EBA005D6E7F /* Calculator.app */,
				DF4C1F6A2A7E9EBB005D6E7F /* CalculatorTests.xctest */,
				DF4C1F742A7E9EBB005D6E7F /* CalculatorUITests.xctest */,
			);
			name = Products;
			sourceTree = "<group>";
		};
		DF4C1F5C2A7E9EBA005D6E7F /* Calculator */ = {
			isa = PBXGroup;
			children = (
				DF36D3DA2CD9C33100C4D4D1 /* Image */,
				DF0082062A891A6600D735AA /* Info.plist */,
				DF4C1F5D2A7E9EBA005D6E7F /* CalculatorApp.swift */,
				DF4C1F5F2A7E9EBA005D6E7F /* ContentView.swift */,
				DF4C1F612A7E9EBB005D6E7F /* Assets.xcassets */,
				DF4C1F632A7E9EBB005D6E7F /* Preview Content */,
				DFC311F62A852DDC00FD5795 /* Calculation.swift */,
				DF09323F2CD364A0008D8CAD /* CalculatorViewModel.swift */,
				DFC311F22A85277A00FD5795 /* basicView.swift */,
				DFC311F42A85297E00FD5795 /* engineeringView.swift */,
				DF0932412CD39643008D8CAD /* BtnType.swift */,
			);
			path = Calculator;
			sourceTree = "<group>";
		};
		DF4C1F632A7E9EBB005D6E7F /* Preview Content */ = {
			isa = PBXGroup;
			children = (
				DF4C1F642A7E9EBB005D6E7F /* Preview Assets.xcassets */,
			);
			path = "Preview Content";
			sourceTree = "<group>";
		};
/* End PBXGroup section */

/* Begin PBXNativeTarget section */
		DF4C1F592A7E9EBA005D6E7F /* Calculator */ = {
			isa = PBXNativeTarget;
			buildConfigurationList = DF4C1F7E2A7E9EBB005D6E7F /* Build configuration list for PBXNativeTarget "Calculator" */;
			buildPhases = (
				DF4C1F562A7E9EBA005D6E7F /* Sources */,
				DF4C1F572A7E9EBA005D6E7F /* Frameworks */,
				DF4C1F582A7E9EBA005D6E7F /* Resources */,
			);
			buildRules = (
			);
			dependencies = (
			);
			fileSystemSynchronizedGroups = (
				DF36D3DA2CD9C33100C4D4D1 /* Image */,
			);
			name = Calculator;
			productName = Calculator;
			productReference = DF4C1F5A2A7E9EBA005D6E7F /* Calculator.app */;
			productType = "com.apple.product-type.application";
		};
		DF4C1F692A7E9EBB005D6E7F /* CalculatorTests */ = {
			isa = PBXNativeTarget;
			buildConfigurationList = DF4C1F812A7E9EBB005D6E7F /* Build configuration list for PBXNativeTarget "CalculatorTests" */;
			buildPhases = (
				DF4C1F662A7E9EBB005D6E7F /* Sources */,
				DF4C1F672A7E9EBB005D6E7F /* Frameworks */,
				DF4C1F682A7E9EBB005D6E7F /* Resources */,
			);
			buildRules = (
			);
			dependencies = (
				DF4C1F6C2A7E9EBB005D6E7F /* PBXTargetDependency */,
			);
			name = CalculatorTests;
			productName = CalculatorTests;
			productReference = DF4C1F6A2A7E9EBB005D6E7F /* CalculatorTests.xctest */;
			productType = "com.apple.product-type.bundle.unit-test";
		};
		DF4C1F732A7E9EBB005D6E7F /* CalculatorUITests */ = {
			isa = PBXNativeTarget;
			buildConfigurationList = DF4C1F842A7E9EBB005D6E7F /* Build configuration list for PBXNativeTarget "CalculatorUITests" */;
			buildPhases = (
				DF4C1F702A7E9EBB005D6E7F /* Sources */,
				DF4C1F712A7E9EBB005D6E7F /* Frameworks */,
				DF4C1F722A7E9EBB005D6E7F /* Resources */,
			);
			buildRules = (
			);
			dependencies = (
				DF4C1F762A7E9EBB005D6E7F /* PBXTargetDependency */,
			);
			name = CalculatorUITests;
			productName = CalculatorUITests;
			productReference = DF4C1F742A7E9EBB005D6E7F /* CalculatorUITests.xctest */;
			productType = "com.apple.product-type.bundle.ui-testing";
		};
/* End PBXNativeTarget section */

/* Begin PBXProject section */
		DF4C1F522A7E9EBA005D6E7F /* Project object */ = {
			isa = PBXProject;
			attributes = {
				BuildIndependentTargetsInParallel = 1;
				LastSwiftUpdateCheck = 1430;
				LastUpgradeCheck = 1610;
				TargetAttributes = {
					DF4C1F592A7E9EBA005D6E7F = {
						CreatedOnToolsVersion = 14.3.1;
					};
					DF4C1F692A7E9EBB005D6E7F = {
						CreatedOnToolsVersion = 14.3.1;
						TestTargetID = DF4C1F592A7E9EBA005D6E7F;
					};
					DF4C1F732A7E9EBB005D6E7F = {
						CreatedOnToolsVersion = 14.3.1;
						TestTargetID = DF4C1F592A7E9EBA005D6E7F;
					};
				};
			};
			buildConfigurationList = DF4C1F552A7E9EBA005D6E7F /* Build configuration list for PBXProject "Calculator" */;
			compatibilityVersion = "Xcode 14.0";
			developmentRegion = en;
			hasScannedForEncodings = 0;
			knownRegions = (
				en,
				Base,
			);
			mainGroup = DF4C1F512A7E9EBA005D6E7F;
			productRefGroup = DF4C1F5B2A7E9EBA005D6E7F /* Products */;
			projectDirPath = "";
			projectRoot = "";
			targets = (
				DF4C1F592A7E9EBA005D6E7F /* Calculator */,
				DF4C1F692A7E9EBB005D6E7F /* CalculatorTests */,
				DF4C1F732A7E9EBB005D6E7F /* CalculatorUITests */,
			);
		};
/* End PBXProject section */

/* Begin PBXResourcesBuildPhase section */
		DF4C1F582A7E9EBA005D6E7F /* Resources */ = {
			isa = PBXResourcesBuildPhase;
			buildActionMask = 2147483647;
			files = (
				DF4C1F652A7E9EBB005D6E7F /* Preview Assets.xcassets in Resources */,
				DF4C1F622A7E9EBB005D6E7F /* Assets.xcassets in Resources */,
			);
			runOnlyForDeploymentPostprocessing = 0;
		};
		DF4C1F682A7E9EBB005D6E7F /* Resources */ = {
			isa = PBXResourcesBuildPhase;
			buildActionMask = 2147483647;
			files = (
			);
			runOnlyForDeploymentPostprocessing = 0;
		};
		DF4C1F722A7E9EBB005D6E7F /* Resources */ = {
			isa = PBXResourcesBuildPhase;
			buildActionMask = 2147483647;
			files = (
			);
			runOnlyForDeploymentPostprocessing = 0;
		};
/* End PBXResourcesBuildPhase section */

/* Begin PBXSourcesBuildPhase section */
		DF4C1F562A7E9EBA005D6E7F /* Sources */ = {
			isa = PBXSourcesBuildPhase;
			buildActionMask = 2147483647;
			files = (
				DF0932422CD39643008D8CAD /* BtnType.swift in Sources */,
				DF0932402CD364A0008D8CAD /* CalculatorViewModel.swift in Sources */,
				DF4C1F602A7E9EBA005D6E7F /* ContentView.swift in Sources */,
				DFC311F72A852DDC00FD5795 /* Calculation.swift in Sources */,
				DFC311F52A85297E00FD5795 /* engineeringView.swift in Sources */,
				DFC311F32A85277A00FD5795 /* basicView.swift in Sources */,
				DF4C1F5E2A7E9EBA005D6E7F /* CalculatorApp.swift in Sources */,
			);
			runOnlyForDeploymentPostprocessing = 0;
		};
		DF4C1F662A7E9EBB005D6E7F /* Sources */ = {
			isa = PBXSourcesBuildPhase;
			buildActionMask = 2147483647;
			files = (
			);
			runOnlyForDeploymentPostprocessing = 0;
		};
		DF4C1F702A7E9EBB005D6E7F /* Sources */ = {
			isa = PBXSourcesBuildPhase;
			buildActionMask = 2147483647;
			files = (
			);
			runOnlyForDeploymentPostprocessing = 0;
		};
/* End PBXSourcesBuildPhase section */

/* Begin PBXTargetDependency section */
		DF4C1F6C2A7E9EBB005D6E7F /* PBXTargetDependency */ = {
			isa = PBXTargetDependency;
			target = DF4C1F592A7E9EBA005D6E7F /* Calculator */;
			targetProxy = DF4C1F6B2A7E9EBB005D6E7F /* PBXContainerItemProxy */;
		};
		DF4C1F762A7E9EBB005D6E7F /* PBXTargetDependency */ = {
			isa = PBXTargetDependency;
			target = DF4C1F592A7E9EBA005D6E7F /* Calculator */;
			targetProxy = DF4C1F752A7E9EBB005D6E7F /* PBXContainerItemProxy */;
		};
/* End PBXTargetDependency section */

/* Begin XCBuildConfiguration section */
		DF4C1F7C2A7E9EBB005D6E7F /* Debug */ = {
			isa = XCBuildConfiguration;
			buildSettings = {
				ALWAYS_SEARCH_USER_PATHS = NO;
				ASSETCATALOG_COMPILER_ALTERNATE_APPICON_NAMES = "";
				ASSETCATALOG_COMPILER_GENERATE_SWIFT_ASSET_SYMBOL_EXTENSIONS = YES;
				CLANG_ANALYZER_NONNULL = YES;
				CLANG_ANALYZER_NUMBER_OBJECT_CONVERSION = YES_AGGRESSIVE;
				CLANG_CXX_LANGUAGE_STANDARD = "gnu++20";
				CLANG_ENABLE_MODULES = YES;
				CLANG_ENABLE_OBJC_ARC = YES;
				CLANG_ENABLE_OBJC_WEAK = YES;
				CLANG_WARN_BLOCK_CAPTURE_AUTORELEASING = YES;
				CLANG_WARN_BOOL_CONVERSION = YES;
				CLANG_WARN_COMMA = YES;
				CLANG_WARN_CONSTANT_CONVERSION = YES;
				CLANG_WARN_DEPRECATED_OBJC_IMPLEMENTATIONS = YES;
				CLANG_WARN_DIRECT_OBJC_ISA_USAGE = YES_ERROR;
				CLANG_WARN_DOCUMENTATION_COMMENTS = YES;
				CLANG_WARN_EMPTY_BODY = YES;
				CLANG_WARN_ENUM_CONVERSION = YES;
				CLANG_WARN_INFINITE_RECURSION = YES;
				CLANG_WARN_INT_CONVERSION = YES;
				CLANG_WARN_NON_LITERAL_NULL_CONVERSION = YES;
				CLANG_WARN_OBJC_IMPLICIT_RETAIN_SELF = YES;
				CLANG_WARN_OBJC_LITERAL_CONVERSION = YES;
				CLANG_WARN_OBJC_ROOT_CLASS = YES_ERROR;
				CLANG_WARN_QUOTED_INCLUDE_IN_FRAMEWORK_HEADER = YES;
				CLANG_WARN_RANGE_LOOP_ANALYSIS = YES;
				CLANG_WARN_STRICT_PROTOTYPES = YES;
				CLANG_WARN_SUSPICIOUS_MOVE = YES;
				CLANG_WARN_UNGUARDED_AVAILABILITY = YES_AGGRESSIVE;
				CLANG_WARN_UNREACHABLE_CODE = YES;
				CLANG_WARN__DUPLICATE_METHOD_MATCH = YES;
				COPY_PHASE_STRIP = NO;
				DEBUG_INFORMATION_FORMAT = dwarf;
				ENABLE_STRICT_OBJC_MSGSEND = YES;
				ENABLE_TESTABILITY = YES;
				ENABLE_USER_SCRIPT_SANDBOXING = YES;
				GCC_C_LANGUAGE_STANDARD = gnu11;
				GCC_DYNAMIC_NO_PIC = NO;
				GCC_NO_COMMON_BLOCKS = YES;
				GCC_OPTIMIZATION_LEVEL = 0;
				GCC_PREPROCESSOR_DEFINITIONS = (
					"DEBUG=1",
					"$(inherited)",
				);
				GCC_WARN_64_TO_32_BIT_CONVERSION = YES;
				GCC_WARN_ABOUT_RETURN_TYPE = YES_ERROR;
				GCC_WARN_UNDECLARED_SELECTOR = YES;
				GCC_WARN_UNINITIALIZED_AUTOS = YES_AGGRESSIVE;
				GCC_WARN_UNUSED_FUNCTION = YES;
				GCC_WARN_UNUSED_VARIABLE = YES;
				IPHONEOS_DEPLOYMENT_TARGET = 14.0;
				MTL_ENABLE_DEBUG_INFO = INCLUDE_SOURCE;
				MTL_FAST_MATH = YES;
				ONLY_ACTIVE_ARCH = YES;
				SDKROOT = iphoneos;
				SWIFT_ACTIVE_COMPILATION_CONDITIONS = DEBUG;
				SWIFT_OPTIMIZATION_LEVEL = "-Onone";
				TARGETED_DEVICE_FAMILY = iPad;
			};
			name = Debug;
		};
		DF4C1F7D2A7E9EBB005D6E7F /* Release */ = {
			isa = XCBuildConfiguration;
			buildSettings = {
				ALWAYS_SEARCH_USER_PATHS = NO;
				ASSETCATALOG_COMPILER_ALTERNATE_APPICON_NAMES = "";
				ASSETCATALOG_COMPILER_GENERATE_SWIFT_ASSET_SYMBOL_EXTENSIONS = YES;
				CLANG_ANALYZER_NONNULL = YES;
				CLANG_ANALYZER_NUMBER_OBJECT_CONVERSION = YES_AGGRESSIVE;
				CLANG_CXX_LANGUAGE_STANDARD = "gnu++20";
				CLANG_ENABLE_MODULES = YES;
				CLANG_ENABLE_OBJC_ARC = YES;
				CLANG_ENABLE_OBJC_WEAK = YES;
				CLANG_WARN_BLOCK_CAPTURE_AUTORELEASING = YES;
				CLANG_WARN_BOOL_CONVERSION = YES;
				CLANG_WARN_COMMA = YES;
				CLANG_WARN_CONSTANT_CONVERSION = YES;
				CLANG_WARN_DEPRECATED_OBJC_IMPLEMENTATIONS = YES;
				CLANG_WARN_DIRECT_OBJC_ISA_USAGE = YES_ERROR;
				CLANG_WARN_DOCUMENTATION_COMMENTS = YES;
				CLANG_WARN_EMPTY_BODY = YES;
				CLANG_WARN_ENUM_CONVERSION = YES;
				CLANG_WARN_INFINITE_RECURSION = YES;
				CLANG_WARN_INT_CONVERSION = YES;
				CLANG_WARN_NON_LITERAL_NULL_CONVERSION = YES;
				CLANG_WARN_OBJC_IMPLICIT_RETAIN_SELF = YES;
				CLANG_WARN_OBJC_LITERAL_CONVERSION = YES;
				CLANG_WARN_OBJC_ROOT_CLASS = YES_ERROR;
				CLANG_WARN_QUOTED_INCLUDE_IN_FRAMEWORK_HEADER = YES;
				CLANG_WARN_RANGE_LOOP_ANALYSIS = YES;
				CLANG_WARN_STRICT_PROTOTYPES = YES;
				CLANG_WARN_SUSPICIOUS_MOVE = YES;
				CLANG_WARN_UNGUARDED_AVAILABILITY = YES_AGGRESSIVE;
				CLANG_WARN_UNREACHABLE_CODE = YES;
				CLANG_WARN__DUPLICATE_METHOD_MATCH = YES;
				COPY_PHASE_STRIP = NO;
				DEBUG_INFORMATION_FORMAT = "dwarf-with-dsym";
				ENABLE_NS_ASSERTIONS = NO;
				ENABLE_STRICT_OBJC_MSGSEND = YES;
				ENABLE_USER_SCRIPT_SANDBOXING = YES;
				GCC_C_LANGUAGE_STANDARD = gnu11;
				GCC_NO_COMMON_BLOCKS = YES;
				GCC_WARN_64_TO_32_BIT_CONVERSION = YES;
				GCC_WARN_ABOUT_RETURN_TYPE = YES_ERROR;
				GCC_WARN_UNDECLARED_SELECTOR = YES;
				GCC_WARN_UNINITIALIZED_AUTOS = YES_AGGRESSIVE;
				GCC_WARN_UNUSED_FUNCTION = YES;
				GCC_WARN_UNUSED_VARIABLE = YES;
				IPHONEOS_DEPLOYMENT_TARGET = 14.0;
				MTL_ENABLE_DEBUG_INFO = NO;
				MTL_FAST_MATH = YES;
				SDKROOT = iphoneos;
				SWIFT_COMPILATION_MODE = wholemodule;
				SWIFT_OPTIMIZATION_LEVEL = "-O";
				TARGETED_DEVICE_FAMILY = iPad;
				VALIDATE_PRODUCT = YES;
			};
			name = Release;
		};
		DF4C1F7F2A7E9EBB005D6E7F /* Debug */ = {
			isa = XCBuildConfiguration;
			buildSettings = {
				ASSETCATALOG_COMPILER_APPICON_NAME = AppIcon;
				ASSETCATALOG_COMPILER_GLOBAL_ACCENT_COLOR_NAME = AccentColor;
				ASSETCATALOG_COMPILER_INCLUDE_ALL_APPICON_ASSETS = YES;
				CODE_SIGN_STYLE = Automatic;
				CURRENT_PROJECT_VERSION = 1;
				DEVELOPMENT_ASSET_PATHS = "\"Calculator/Preview Content\"";
				DEVELOPMENT_TEAM = 4CPC6N38WA;
				ENABLE_PREVIEWS = YES;
				GENERATE_INFOPLIST_FILE = YES;
				INFOPLIST_FILE = Calculator/Info.plist;
				INFOPLIST_KEY_CFBundleDisplayName = "계산기";
				INFOPLIST_KEY_UIApplicationSceneManifest_Generation = YES;
				INFOPLIST_KEY_UIApplicationSupportsIndirectInputEvents = YES;
				INFOPLIST_KEY_UILaunchScreen_Generation = YES;
				INFOPLIST_KEY_UISupportedInterfaceOrientations_iPad = UIInterfaceOrientationPortrait;
				INFOPLIST_KEY_UISupportedInterfaceOrientations_iPhone = "UIInterfaceOrientationPortrait UIInterfaceOrientationLandscapeLeft UIInterfaceOrientationLandscapeRight";
				IPHONEOS_DEPLOYMENT_TARGET = 15.0;
				LD_RUNPATH_SEARCH_PATHS = (
					"$(inherited)",
					"@executable_path/Frameworks",
				);
				MARKETING_VERSION = 1.0;
				PRODUCT_BUNDLE_IDENTIFIER = OPFiC.Calculator;
				PRODUCT_NAME = "$(TARGET_NAME)";
				SUPPORTED_PLATFORMS = "iphoneos iphonesimulator";
				SUPPORTS_MACCATALYST = NO;
				SUPPORTS_MAC_DESIGNED_FOR_IPHONE_IPAD = NO;
				SUPPORTS_XR_DESIGNED_FOR_IPHONE_IPAD = NO;
				SWIFT_EMIT_LOC_STRINGS = YES;
				SWIFT_VERSION = 5.0;
				TARGETED_DEVICE_FAMILY = 1;
			};
			name = Debug;
		};
		DF4C1F802A7E9EBB005D6E7F /* Release */ = {
			isa = XCBuildConfiguration;
			buildSettings = {
				ASSETCATALOG_COMPILER_APPICON_NAME = AppIcon;
				ASSETCATALOG_COMPILER_GLOBAL_ACCENT_COLOR_NAME = AccentColor;
				ASSETCATALOG_COMPILER_INCLUDE_ALL_APPICON_ASSETS = YES;
				CODE_SIGN_STYLE = Automatic;
				CURRENT_PROJECT_VERSION = 1;
				DEVELOPMENT_ASSET_PATHS = "\"Calculator/Preview Content\"";
				DEVELOPMENT_TEAM = 4CPC6N38WA;
				ENABLE_PREVIEWS = YES;
				GENERATE_INFOPLIST_FILE = YES;
				INFOPLIST_FILE = Calculator/Info.plist;
				INFOPLIST_KEY_CFBundleDisplayName = "계산기";
				INFOPLIST_KEY_UIApplicationSceneManifest_Generation = YES;
				INFOPLIST_KEY_UIApplicationSupportsIndirectInputEvents = YES;
				INFOPLIST_KEY_UILaunchScreen_Generation = YES;
				INFOPLIST_KEY_UISupportedInterfaceOrientations_iPad = UIInterfaceOrientationPortrait;
				INFOPLIST_KEY_UISupportedInterfaceOrientations_iPhone = "UIInterfaceOrientationPortrait UIInterfaceOrientationLandscapeLeft UIInterfaceOrientationLandscapeRight";
				IPHONEOS_DEPLOYMENT_TARGET = 15.0;
				LD_RUNPATH_SEARCH_PATHS = (
					"$(inherited)",
					"@executable_path/Frameworks",
				);
				MARKETING_VERSION = 1.0;
				PRODUCT_BUNDLE_IDENTIFIER = OPFiC.Calculator;
				PRODUCT_NAME = "$(TARGET_NAME)";
				SUPPORTED_PLATFORMS = "iphoneos iphonesimulator";
				SUPPORTS_MACCATALYST = NO;
				SUPPORTS_MAC_DESIGNED_FOR_IPHONE_IPAD = NO;
				SUPPORTS_XR_DESIGNED_FOR_IPHONE_IPAD = NO;
				SWIFT_EMIT_LOC_STRINGS = YES;
				SWIFT_VERSION = 5.0;
				TARGETED_DEVICE_FAMILY = 1;
			};
			name = Release;
		};
		DF4C1F822A7E9EBB005D6E7F /* Debug */ = {
			isa = XCBuildConfiguration;
			buildSettings = {
				BUNDLE_LOADER = "$(TEST_HOST)";
				CODE_SIGN_STYLE = Automatic;
				CURRENT_PROJECT_VERSION = 1;
				DEVELOPMENT_TEAM = HFLWXXR66H;
				GENERATE_INFOPLIST_FILE = YES;
				IPHONEOS_DEPLOYMENT_TARGET = 16.4;
				MARKETING_VERSION = 1.0;
				PRODUCT_BUNDLE_IDENTIFIER = OPFiC.CalculatorTests;
				PRODUCT_NAME = "$(TARGET_NAME)";
				SWIFT_EMIT_LOC_STRINGS = NO;
				SWIFT_VERSION = 5.0;
				TARGETED_DEVICE_FAMILY = "1,2";
				TEST_HOST = "$(BUILT_PRODUCTS_DIR)/Calculator.app/$(BUNDLE_EXECUTABLE_FOLDER_PATH)/Calculator";
			};
			name = Debug;
		};
		DF4C1F832A7E9EBB005D6E7F /* Release */ = {
			isa = XCBuildConfiguration;
			buildSettings = {
				BUNDLE_LOADER = "$(TEST_HOST)";
				CODE_SIGN_STYLE = Automatic;
				CURRENT_PROJECT_VERSION = 1;
				DEVELOPMENT_TEAM = HFLWXXR66H;
				GENERATE_INFOPLIST_FILE = YES;
				IPHONEOS_DEPLOYMENT_TARGET = 16.4;
				MARKETING_VERSION = 1.0;
				PRODUCT_BUNDLE_IDENTIFIER = OPFiC.CalculatorTests;
				PRODUCT_NAME = "$(TARGET_NAME)";
				SWIFT_EMIT_LOC_STRINGS = NO;
				SWIFT_VERSION = 5.0;
				TARGETED_DEVICE_FAMILY = "1,2";
				TEST_HOST = "$(BUILT_PRODUCTS_DIR)/Calculator.app/$(BUNDLE_EXECUTABLE_FOLDER_PATH)/Calculator";
			};
			name = Release;
		};
		DF4C1F852A7E9EBB005D6E7F /* Debug */ = {
			isa = XCBuildConfiguration;
			buildSettings = {
				CODE_SIGN_STYLE = Automatic;
				CURRENT_PROJECT_VERSION = 1;
				DEVELOPMENT_TEAM = HFLWXXR66H;
				GENERATE_INFOPLIST_FILE = YES;
				MARKETING_VERSION = 1.0;
				PRODUCT_BUNDLE_IDENTIFIER = OPFiC.CalculatorUITests;
				PRODUCT_NAME = "$(TARGET_NAME)";
				SWIFT_EMIT_LOC_STRINGS = NO;
				SWIFT_VERSION = 5.0;
				TARGETED_DEVICE_FAMILY = "1,2";
				TEST_TARGET_NAME = Calculator;
			};
			name = Debug;
		};
		DF4C1F862A7E9EBB005D6E7F /* Release */ = {
			isa = XCBuildConfiguration;
			buildSettings = {
				CODE_SIGN_STYLE = Automatic;
				CURRENT_PROJECT_VERSION = 1;
				DEVELOPMENT_TEAM = HFLWXXR66H;
				GENERATE_INFOPLIST_FILE = YES;
				MARKETING_VERSION = 1.0;
				PRODUCT_BUNDLE_IDENTIFIER = OPFiC.CalculatorUITests;
				PRODUCT_NAME = "$(TARGET_NAME)";
				SWIFT_EMIT_LOC_STRINGS = NO;
				SWIFT_VERSION = 5.0;
				TARGETED_DEVICE_FAMILY = "1,2";
				TEST_TARGET_NAME = Calculator;
			};
			name = Release;
		};
/* End XCBuildConfiguration section */

/* Begin XCConfigurationList section */
		DF4C1F552A7E9EBA005D6E7F /* Build configuration list for PBXProject "Calculator" */ = {
			isa = XCConfigurationList;
			buildConfigurations = (
				DF4C1F7C2A7E9EBB005D6E7F /* Debug */,
				DF4C1F7D2A7E9EBB005D6E7F /* Release */,
			);
			defaultConfigurationIsVisible = 0;
			defaultConfigurationName = Release;
		};
		DF4C1F7E2A7E9EBB005D6E7F /* Build configuration list for PBXNativeTarget "Calculator" */ = {
			isa = XCConfigurationList;
			buildConfigurations = (
				DF4C1F7F2A7E9EBB005D6E7F /* Debug */,
				DF4C1F802A7E9EBB005D6E7F /* Release */,
			);
			defaultConfigurationIsVisible = 0;
			defaultConfigurationName = Release;
		};
		DF4C1F812A7E9EBB005D6E7F /* Build configuration list for PBXNativeTarget "CalculatorTests" */ = {
			isa = XCConfigurationList;
			buildConfigurations = (
				DF4C1F822A7E9EBB005D6E7F /* Debug */,
				DF4C1F832A7E9EBB005D6E7F /* Release */,
			);
			defaultConfigurationIsVisible = 0;
			defaultConfigurationName = Release;
		};
		DF4C1F842A7E9EBB005D6E7F /* Build configuration list for PBXNativeTarget "CalculatorUITests" */ = {
			isa = XCConfigurationList;
			buildConfigurations = (
				DF4C1F852A7E9EBB005D6E7F /* Debug */,
				DF4C1F862A7E9EBB005D6E7F /* Release */,
			);
			defaultConfigurationIsVisible = 0;
			defaultConfigurationName = Release;
		};
/* End XCConfigurationList section */
	};
	rootObject = DF4C1F522A7E9EBA005D6E7F /* Project object */;
}
